version = 1
revision = 3
requires-python = ">=3.13"

[[package]]
name = "meson"
version = "1.11.2"
source = { registry = "https://pypi.org/simple" }
sdist = { url = "https://files.pythonhosted.org/packages/06/ce/c4d3d849d5cf8d9193b075acf435fb5dc0f4bdab35a3486f1204fd8265a7/meson-1.11.2.tar.gz", hash = "sha256:698feae069cef3ecd4d7aaf281d7df359bdfcf555a9a1564383d3b913fa8a736", size = 2463316, upload-time = "2026-07-11T07:19:44.863Z" }
wheels = [
    { url = "https://files.pythonhosted.org/packages/1d/c5/680527bdddf039807f22041882678b7f21d3380b4cdbc46abf2f24e2db6c/meson-1.11.2-py3-none-any.whl", hash = "sha256:7e4f6e83fec83e3eaac928e058b073c7557b282c35b6a2024cea143a39926a39", size = 1078911, upload-time = "2026-07-11T07:19:40.636Z" },
]

[[package]]
name = "motor"
version = "0.0.1"
source = { virtual = "." }

[package.dev-dependencies]
dev = [
    { name = "meson" },
]

[package.metadata]

[package.metadata.requires-dev]
dev = [{ name = "meson", specifier = ">=1.11.2" }]
